
Microsoft Visual Studio Solution File, Format Version 12.00
# Visual Studio Version 16
VisualStudioVersion = 16.0.29806.167
MinimumVisualStudioVersion = 10.0.40219.1
Project("{8BC9CEB8-8B4A-11D0-8D11-00A0C91BC942}") = "client_test", "client_test.vcxproj", "{D8D9C6CF-0357-4ECF-A1A0-78F34BA480FA}"
	ProjectSection(ProjectDependencies) = postProject
		{A2C26111-84F5-4CA3-85B8-BD80F1921238} = {A2C26111-84F5-4CA3-85B8-BD80F1921238}
	EndProjectSection
EndProject
Project("{8BC9CEB8-8B4A-11D0-8D11-00A0C91BC942}") = "libtorrent", "..\libtorrent_2022.vcxproj", "{A2C26111-84F5-4CA3-85B8-BD80F1921238}"
EndProject
Global
	GlobalSection(SolutionConfigurationPlatforms) = preSolution
		Debug|ARM = Debug|ARM
		Debug|ARM64 = Debug|ARM64
		Debug|Win32 = Debug|Win32
		Debug|x64 = Debug|x64
		Release|ARM = Release|ARM
		Release|ARM64 = Release|ARM64
		Release|Win32 = Release|Win32
		Release|x64 = Release|x64
	EndGlobalSection
	GlobalSection(ProjectConfigurationPlatforms) = postSolution
		{D8D9C6CF-0357-4ECF-A1A0-78F34BA480FA}.Debug|ARM.ActiveCfg = Debug|Win32
		{D8D9C6CF-0357-4ECF-A1A0-78F34BA480FA}.Debug|ARM64.ActiveCfg = Debug|Win32
		{D8D9C6CF-0357-4ECF-A1A0-78F34BA480FA}.Debug|Win32.ActiveCfg = Debug|Win32
		{D8D9C6CF-0357-4ECF-A1A0-78F34BA480FA}.Debug|Win32.Build.0 = Debug|Win32
		{D8D9C6CF-0357-4ECF-A1A0-78F34BA480FA}.Debug|x64.ActiveCfg = Debug|x64
		{D8D9C6CF-0357-4ECF-A1A0-78F34BA480FA}.Debug|x64.Build.0 = Debug|x64
		{D8D9C6CF-0357-4ECF-A1A0-78F34BA480FA}.Release|ARM.ActiveCfg = Release|Win32
		{D8D9C6CF-0357-4ECF-A1A0-78F34BA480FA}.Release|ARM64.ActiveCfg = Release|Win32
		{D8D9C6CF-0357-4ECF-A1A0-78F34BA480FA}.Release|Win32.ActiveCfg = Release|Win32
		{D8D9C6CF-0357-4ECF-A1A0-78F34BA480FA}.Release|Win32.Build.0 = Release|Win32
		{D8D9C6CF-0357-4ECF-A1A0-78F34BA480FA}.Release|x64.ActiveCfg = Release|x64
		{D8D9C6CF-0357-4ECF-A1A0-78F34BA480FA}.Release|x64.Build.0 = Release|x64
		{A2C26111-84F5-4CA3-85B8-BD80F1921238}.Debug|ARM.ActiveCfg = Debug|ARM
		{A2C26111-84F5-4CA3-85B8-BD80F1921238}.Debug|ARM.Build.0 = Debug|ARM
		{A2C26111-84F5-4CA3-85B8-BD80F1921238}.Debug|ARM64.ActiveCfg = Debug|ARM64
		{A2C26111-84F5-4CA3-85B8-BD80F1921238}.Debug|ARM64.Build.0 = Debug|ARM64
		{A2C26111-84F5-4CA3-85B8-BD80F1921238}.Debug|Win32.ActiveCfg = Debug|Win32
		{A2C26111-84F5-4CA3-85B8-BD80F1921238}.Debug|Win32.Build.0 = Debug|Win32
		{A2C26111-84F5-4CA3-85B8-BD80F1921238}.Debug|x64.ActiveCfg = Debug|x64
		{A2C26111-84F5-4CA3-85B8-BD80F1921238}.Debug|x64.Build.0 = Debug|x64
		{A2C26111-84F5-4CA3-85B8-BD80F1921238}.Release|ARM.ActiveCfg = Release|ARM
		{A2C26111-84F5-4CA3-85B8-BD80F1921238}.Release|ARM.Build.0 = Release|ARM
		{A2C26111-84F5-4CA3-85B8-BD80F1921238}.Release|ARM64.ActiveCfg = Release|ARM64
		{A2C26111-84F5-4CA3-85B8-BD80F1921238}.Release|ARM64.Build.0 = Release|ARM64
		{A2C26111-84F5-4CA3-85B8-BD80F1921238}.Release|Win32.ActiveCfg = Release|Win32
		{A2C26111-84F5-4CA3-85B8-BD80F1921238}.Release|Win32.Build.0 = Release|Win32
		{A2C26111-84F5-4CA3-85B8-BD80F1921238}.Release|x64.ActiveCfg = Release|x64
		{A2C26111-84F5-4CA3-85B8-BD80F1921238}.Release|x64.Build.0 = Release|x64
	EndGlobalSection
	GlobalSection(SolutionProperties) = preSolution
		HideSolutionNode = FALSE
	EndGlobalSection
	GlobalSection(ExtensibilityGlobals) = postSolution
		SolutionGuid = {32069979-1A31-493B-A4AA-9C112D2920C5}
	EndGlobalSection
EndGlobal
